
Microsoft Visual Studio Solution File, Format Version 12.00
# Visual Studio Version 16
VisualStudioVersion = 16.0.30320.27
MinimumVisualStudioVersion = 10.0.40219.1
Project("{FAE04EC0-301F-11D3-BF4B-00C04F79EFBC}") = "Traccar_Control_Panel_WPF", "Traccar_Control_Panel_WPF\Traccar_Control_Panel_WPF.csproj", "{7A0886BA-89D6-4968-A9B7-0FD26F518EEB}"
EndProject
Global
	GlobalSection(SolutionConfigurationPlatforms) = preSolution
		Debug|Any CPU = Debug|Any CPU
		Release|Any CPU = Release|Any CPU
	EndGlobalSection
	GlobalSection(ProjectConfigurationPlatforms) = postSolution
		{7A0886BA-89D6-4968-A9B7-0FD26F518EEB}.Debug|Any CPU.ActiveCfg = Debug|Any CPU
		{7A0886BA-89D6-4968-A9B7-0FD26F518EEB}.Debug|Any CPU.Build.0 = Debug|Any CPU
		{7A0886BA-89D6-4968-A9B7-0FD26F518EEB}.Release|Any CPU.ActiveCfg = Release|Any CPU
		{7A0886BA-89D6-4968-A9B7-0FD26F518EEB}.Release|Any CPU.Build.0 = Release|Any CPU
	EndGlobalSection
	GlobalSection(SolutionProperties) = preSolution
		HideSolutionNode = FALSE
	EndGlobalSection
	GlobalSection(ExtensibilityGlobals) = postSolution
		SolutionGuid = {7A8BB037-2063-43F4-8E2B-61C6900EE4C3}
	EndGlobalSection
EndGlobal
